
Microsoft Visual Studio Solution File, Format Version 12.00
# Visual Studio Version 16
VisualStudioVersion = 16.0.31702.278
MinimumVisualStudioVersion = 10.0.40219.1
Project("{FAE04EC0-301F-11D3-BF4B-00C04F79EFBC}") = "WCFLibrary", "WCFLibrary\WCFLibrary.csproj", "{04289261-076D-4249-A157-1B3CBCEEB407}"
EndProject
Project("{FAE04EC0-301F-11D3-BF4B-00C04F79EFBC}") = "BookHost", "BookHost\BookHost.csproj", "{755837B6-6ECF-485C-B414-72226E3D3A47}"
EndProject
Global
	GlobalSection(SolutionConfigurationPlatforms) = preSolution
		Debug|Any CPU = Debug|Any CPU
		Release|Any CPU = Release|Any CPU
	EndGlobalSection
	GlobalSection(ProjectConfigurationPlatforms) = postSolution
		{04289261-076D-4249-A157-1B3CBCEEB407}.Debug|Any CPU.ActiveCfg = Debug|Any CPU
		{04289261-076D-4249-A157-1B3CBCEEB407}.Debug|Any CPU.Build.0 = Debug|Any CPU
		{04289261-076D-4249-A157-1B3CBCEEB407}.Release|Any CPU.ActiveCfg = Release|Any CPU
		{04289261-076D-4249-A157-1B3CBCEEB407}.Release|Any CPU.Build.0 = Release|Any CPU
		{755837B6-6ECF-485C-B414-72226E3D3A47}.Debug|Any CPU.ActiveCfg = Debug|Any CPU
		{755837B6-6ECF-485C-B414-72226E3D3A47}.Debug|Any CPU.Build.0 = Debug|Any CPU
		{755837B6-6ECF-485C-B414-72226E3D3A47}.Release|Any CPU.ActiveCfg = Release|Any CPU
		{755837B6-6ECF-485C-B414-72226E3D3A47}.Release|Any CPU.Build.0 = Release|Any CPU
	EndGlobalSection
	GlobalSection(SolutionProperties) = preSolution
		HideSolutionNode = FALSE
	EndGlobalSection
	GlobalSection(ExtensibilityGlobals) = postSolution
		SolutionGuid = {4C021736-2ED8-440C-907E-10B91D8E19E5}
	EndGlobalSection
EndGlobal
